
Microsoft Visual Studio Solution File, Format Version 12.00
Project("{FAE04EC0-301F-11D3-BF4B-00C04F79EFBC}") = "Caffeine", "Caffeine\Caffeine.csproj", "{9E4CB385-129C-42BF-8EF9-C001BA6FB7CB}"
EndProject
Global
	GlobalSection(SolutionConfigurationPlatforms) = preSolution
		Debug|Any CPU = Debug|Any CPU
		Release|Any CPU = Release|Any CPU
	EndGlobalSection
	GlobalSection(ProjectConfigurationPlatforms) = postSolution
		{9E4CB385-129C-42BF-8EF9-C001BA6FB7CB}.Debug|Any CPU.ActiveCfg = Debug|Any CPU
		{9E4CB385-129C-42BF-8EF9-C001BA6FB7CB}.Debug|Any CPU.Build.0 = Debug|Any CPU
		{9E4CB385-129C-42BF-8EF9-C001BA6FB7CB}.Release|Any CPU.ActiveCfg = Release|Any CPU
		{9E4CB385-129C-42BF-8EF9-C001BA6FB7CB}.Release|Any CPU.Build.0 = Release|Any CPU
	EndGlobalSection
EndGlobal
